
Microsoft Visual Studio Solution File, Format Version 12.00
Project("{FAE04EC0-301F-11D3-BF4B-00C04F79EFBC}") = "StrategyPattern", "StrategyPattern\StrategyPattern.csproj", "{04F1F589-DD3B-4CA6-9DEC-11C1EE655B7F}"
EndProject
Project("{FAE04EC0-301F-11D3-BF4B-00C04F79EFBC}") = "ObserverPattern", "ObserverPattern\ObserverPattern.csproj", "{82B87E16-9ACE-48FA-9ED0-756473000FAE}"
EndProject
Global
	GlobalSection(SolutionConfigurationPlatforms) = preSolution
		Debug|Any CPU = Debug|Any CPU
		Release|Any CPU = Release|Any CPU
	EndGlobalSection
	GlobalSection(ProjectConfigurationPlatforms) = postSolution
		{04F1F589-DD3B-4CA6-9DEC-11C1EE655B7F}.Debug|Any CPU.ActiveCfg = Debug|Any CPU
		{04F1F589-DD3B-4CA6-9DEC-11C1EE655B7F}.Debug|Any CPU.Build.0 = Debug|Any CPU
		{04F1F589-DD3B-4CA6-9DEC-11C1EE655B7F}.Release|Any CPU.ActiveCfg = Release|Any CPU
		{04F1F589-DD3B-4CA6-9DEC-11C1EE655B7F}.Release|Any CPU.Build.0 = Release|Any CPU
		{82B87E16-9ACE-48FA-9ED0-756473000FAE}.Debug|Any CPU.ActiveCfg = Debug|Any CPU
		{82B87E16-9ACE-48FA-9ED0-756473000FAE}.Debug|Any CPU.Build.0 = Debug|Any CPU
		{82B87E16-9ACE-48FA-9ED0-756473000FAE}.Release|Any CPU.ActiveCfg = Release|Any CPU
		{82B87E16-9ACE-48FA-9ED0-756473000FAE}.Release|Any CPU.Build.0 = Release|Any CPU
	EndGlobalSection
EndGlobal
